// !$*UTF8*$!
{
	archiveVersion = 1;
	classes = {
	};
	objectVersion = 51;
	objects = {

/* Begin PBXBuildFile section */
		46E2374D2448CFBA00037951 /* AppDelegate.swift in Sources */ = {isa = PBXBuildFile; fileRef = 46E2374C2448CFBA00037951 /* AppDelegate.swift */; };
		46E2374F2448CFBA00037951 /* SceneDelegate.swift in Sources */ = {isa = PBXBuildFile; fileRef = 46E2374E2448CFBA00037951 /* SceneDelegate.swift */; };
		46E237512448CFBA00037951 /* ViewController.swift in Sources */ = {isa = PBXBuildFile; fileRef = 46E237502448CFBA00037951 /* ViewController.swift */; };
		46E237542448CFBA00037951 /* Main.storyboard in Resources */ = {isa = PBXBuildFile; fileRef = 46E237522448CFBA00037951 /* Main.storyboard */; };
		46E237562448CFBD00037951 /* Assets.xcassets in Resources */ = {isa = PBXBuildFile; fileRef = 46E237552448CFBD00037951 /* Assets.xcassets */; };
		46E237592448CFBD00037951 /* LaunchScreen.storyboard in Resources */ = {isa = PBXBuildFile; fileRef = 46E237572448CFBD00037951 /* LaunchScreen.storyboard */; };
		46E237632449B50700037951 /* EpisodesViewModel.swift in Sources */ = {isa = PBXBuildFile; fileRef = 46E237622449B50700037951 /* EpisodesViewModel.swift */; };
		46E237662449B52F00037951 /* EpisodesViewController.swift in Sources */ = {isa = PBXBuildFile; fileRef = 46E237642449B52F00037951 /* EpisodesViewController.swift */; };
		46E237672449B52F00037951 /* EpisodesViewController.xib in Resources */ = {isa = PBXBuildFile; fileRef = 46E237652449B52F00037951 /* EpisodesViewController.xib */; };
		46E237692449B7C800037951 /* RemoteRepository.swift in Sources */ = {isa = PBXBuildFile; fileRef = 46E237682449B7C800037951 /* RemoteRepository.swift */; };
		46E2376B2449B7E800037951 /* ApiManager.swift in Sources */ = {isa = PBXBuildFile; fileRef = 46E2376A2449B7E800037951 /* ApiManager.swift */; };
		7B87EE7E9F609C61084AE94F /* Pods_RickMorty_RxMVVM.framework in Frameworks */ = {isa = PBXBuildFile; fileRef = 2D7457C0AC8E7B27CD6DD60D /* Pods_RickMorty_RxMVVM.framework */; };
/* End PBXBuildFile section */

/* Begin PBXFileReference section */
		28185CAE6965B0974B058479 /* Pods-RickMorty-RxMVVM.debug.xcconfig */ = {isa = PBXFileReference; includeInIndex = 1; lastKnownFileType = text.xcconfig; name = "Pods-RickMorty-RxMVVM.debug.xcconfig"; path = "Target Support Files/Pods-RickMorty-RxMVVM/Pods-RickMorty-RxMVVM.debug.xcconfig"; sourceTree = "<group>"; };
		2D7457C0AC8E7B27CD6DD60D /* Pods_RickMorty_RxMVVM.framework */ = {isa = PBXFileReference; explicitFileType = wrapper.framework; includeInIndex = 0; path = Pods_RickMorty_RxMVVM.framework; sourceTree = BUILT_PRODUCTS_DIR; };
		46E237492448CFBA00037951 /* RickMorty-RxMVVM.app */ = {isa = PBXFileReference; explicitFileType = wrapper.application; includeInIndex = 0; path = "RickMorty-RxMVVM.app"; sourceTree = BUILT_PRODUCTS_DIR; };
		46E2374C2448CFBA00037951 /* AppDelegate.swift */ = {isa = PBXFileReference; lastKnownFileType = sourcecode.swift; path = AppDelegate.swift; sourceTree = "<group>"; };
		46E2374E2448CFBA00037951 /* SceneDelegate.swift */ = {isa = PBXFileReference; lastKnownFileType = sourcecode.swift; path = SceneDelegate.swift; sourceTree = "<group>"; };
		46E237502448CFBA00037951 /* ViewController.swift */ = {isa = PBXFileReference; lastKnownFileType = sourcecode.swift; path = ViewController.swift; sourceTree = "<group>"; };
		46E237532448CFBA00037951 /* Base */ = {isa = PBXFileReference; lastKnownFileType = file.storyboard; name = Base; path = Base.lproj/Main.storyboard; sourceTree = "<group>"; };
		46E237552448CFBD00037951 /* Assets.xcassets */ = {isa = PBXFileReference; lastKnownFileType = folder.assetcatalog; path = Assets.xcassets; sourceTree = "<group>"; };
		46E237582448CFBD00037951 /* Base */ = {isa = PBXFileReference; lastKnownFileType = file.storyboard; name = Base; path = Base.lproj/LaunchScreen.storyboard; sourceTree = "<group>"; };
		46E2375A2448CFBD00037951 /* Info.plist */ = {isa = PBXFileReference; lastKnownFileType = text.plist.xml; path = Info.plist; sourceTree = "<group>"; };
		46E237622449B50700037951 /* EpisodesViewModel.swift */ = {isa = PBXFileReference; lastKnownFileType = sourcecode.swift; path = EpisodesViewModel.swift; sourceTree = "<group>"; };
		46E237642449B52F00037951 /* EpisodesViewController.swift */ = {isa = PBXFileReference; lastKnownFileType = sourcecode.swift; path = EpisodesViewController.swift; sourceTree = "<group>"; };
		46E237652449B52F00037951 /* EpisodesViewController.xib */ = {isa = PBXFileReference; lastKnownFileType = file.xib; path = EpisodesViewController.xib; sourceTree = "<group>"; };
		46E237682449B7C800037951 /* RemoteRepository.swift */ = {isa = PBXFileReference; lastKnownFileType = sourcecode.swift; path = RemoteRepository.swift; sourceTree = "<group>"; };
		46E2376A2449B7E800037951 /* ApiManager.swift */ = {isa = PBXFileReference; lastKnownFileType = sourcecode.swift; path = ApiManager.swift; sourceTree = "<group>"; };
		D4A365A53F176FBB5DA83213 /* Pods-RickMorty-RxMVVM.release.xcconfig */ = {isa = PBXFileReference; includeInIndex = 1; lastKnownFileType = text.xcconfig; name = "Pods-RickMorty-RxMVVM.release.xcconfig"; path = "Target Support Files/Pods-RickMorty-RxMVVM/Pods-RickMorty-RxMVVM.release.xcconfig"; sourceTree = "<group>"; };
/* End PBXFileReference section */

/* Begin PBXFrameworksBuildPhase section */
		46E237462448CFBA00037951 /* Frameworks */ = {
			isa = PBXFrameworksBuildPhase;
			buildActionMask = 2147483647;
			files = (
				7B87EE7E9F609C61084AE94F /* Pods_RickMorty_RxMVVM.framework in Frameworks */,
			);
			runOnlyForDeploymentPostprocessing = 0;
		};
/* End PBXFrameworksBuildPhase section */

/* Begin PBXGroup section */
		46E237402448CFBA00037951 = {
			isa = PBXGroup;
			children = (
				46E2374B2448CFBA00037951 /* RickMorty-RxMVVM */,
				46E2374A2448CFBA00037951 /* Products */,
				4EC4667B3804E7ABCA4F9027 /* Pods */,
				4BF51940ADD2A4B7BF7BA4AB /* Frameworks */,
			);
			sourceTree = "<group>";
		};
		46E2374A2448CFBA00037951 /* Products */ = {
			isa = PBXGroup;
			children = (
				46E237492448CFBA00037951 /* RickMorty-RxMVVM.app */,
			);
			name = Products;
			sourceTree = "<group>";
		};
		46E2374B2448CFBA00037951 /* RickMorty-RxMVVM */ = {
			isa = PBXGroup;
			children = (
				46E2374C2448CFBA00037951 /* AppDelegate.swift */,
				46E2374E2448CFBA00037951 /* SceneDelegate.swift */,
				46E237502448CFBA00037951 /* ViewController.swift */,
				46E237522448CFBA00037951 /* Main.storyboard */,
				46E237552448CFBD00037951 /* Assets.xcassets */,
				46E237572448CFBD00037951 /* LaunchScreen.storyboard */,
				46E2375A2448CFBD00037951 /* Info.plist */,
				46E237622449B50700037951 /* EpisodesViewModel.swift */,
				46E237642449B52F00037951 /* EpisodesViewController.swift */,
				46E237652449B52F00037951 /* EpisodesViewController.xib */,
				46E237682449B7C800037951 /* RemoteRepository.swift */,
				46E2376A2449B7E800037951 /* ApiManager.swift */,
			);
			path = "RickMorty-RxMVVM";
			sourceTree = "<group>";
		};
		4BF51940ADD2A4B7BF7BA4AB /* Frameworks */ = {
			isa = PBXGroup;
			children = (
				2D7457C0AC8E7B27CD6DD60D /* Pods_RickMorty_RxMVVM.framework */,
			);
			name = Frameworks;
			sourceTree = "<group>";
		};
		4EC4667B3804E7ABCA4F9027 /* Pods */ = {
			isa = PBXGroup;
			children = (
				28185CAE6965B0974B058479 /* Pods-RickMorty-RxMVVM.debug.xcconfig */,
				D4A365A53F176FBB5DA83213 /* Pods-RickMorty-RxMVVM.release.xcconfig */,
			);
			path = Pods;
			sourceTree = "<group>";
		};
/* End PBXGroup section */

/* Begin PBXNativeTarget section */
		46E237482448CFBA00037951 /* RickMorty-RxMVVM */ = {
			isa = PBXNativeTarget;
			buildConfigurationList = 46E2375D2448CFBD00037951 /* Build configuration list for PBXNativeTarget "RickMorty-RxMVVM" */;
			buildPhases = (
				52CD872944C2C5D6610DA5DC /* [CP] Check Pods Manifest.lock */,
				46E237452448CFBA00037951 /* Sources */,
				46E237462448CFBA00037951 /* Frameworks */,
				46E237472448CFBA00037951 /* Resources */,
				804F145E211864528D466AAD /* [CP] Embed Pods Frameworks */,
			);
			buildRules = (
			);
			dependencies = (
			);
			name = "RickMorty-RxMVVM";
			productName = "RickMorty-RxMVVM";
			productReference = 46E237492448CFBA00037951 /* RickMorty-RxMVVM.app */;
			productType = "com.apple.product-type.application";
		};
/* End PBXNativeTarget section */

/* Begin PBXProject section */
		46E237412448CFBA00037951 /* Project object */ = {
			isa = PBXProject;
			attributes = {
				LastSwiftUpdateCheck = 1120;
				LastUpgradeCheck = 1120;
				ORGANIZATIONNAME = hasti;
				TargetAttributes = {
					46E237482448CFBA00037951 = {
						CreatedOnToolsVersion = 11.2.1;
					};
				};
			};
			buildConfigurationList = 46E237442448CFBA00037951 /* Build configuration list for PBXProject "RickMorty-RxMVVM" */;
			compatibilityVersion = "Xcode 9.3";
			developmentRegion = en;
			hasScannedForEncodings = 0;
			knownRegions = (
				en,
				Base,
			);
			mainGroup = 46E237402448CFBA00037951;
			productRefGroup = 46E2374A2448CFBA00037951 /* Products */;
			projectDirPath = "";
			projectRoot = "";
			targets = (
				46E237482448CFBA00037951 /* RickMorty-RxMVVM */,
			);
		};
/* End PBXProject section */

/* Begin PBXResourcesBuildPhase section */
		46E237472448CFBA00037951 /* Resources */ = {
			isa = PBXResourcesBuildPhase;
			buildActionMask = 2147483647;
			files = (
				46E237592448CFBD00037951 /* LaunchScreen.storyboard in Resources */,
				46E237562448CFBD00037951 /* Assets.xcassets in Resources */,
				46E237672449B52F00037951 /* EpisodesViewController.xib in Resources */,
				46E237542448CFBA00037951 /* Main.storyboard in Resources */,
			);
			runOnlyForDeploymentPostprocessing = 0;
		};
/* End PBXResourcesBuildPhase section */

/* Begin PBXShellScriptBuildPhase section */
		52CD872944C2C5D6610DA5DC /* [CP] Check Pods Manifest.lock */ = {
			isa = PBXShellScriptBuildPhase;
			buildActionMask = 2147483647;
			files = (
			);
			inputFileListPaths = (
			);
			inputPaths = (
				"${PODS_PODFILE_DIR_PATH}/Podfile.lock",
				"${PODS_ROOT}/Manifest.lock",
			);
			name = "[CP] Check Pods Manifest.lock";
			outputFileListPaths = (
			);
			outputPaths = (
				"$(DERIVED_FILE_DIR)/Pods-RickMorty-RxMVVM-checkManifestLockResult.txt",
			);
			runOnlyForDeploymentPostprocessing = 0;
			shellPath = /bin/sh;
			shellScript = "diff \"${PODS_PODFILE_DIR_PATH}/Podfile.lock\" \"${PODS_ROOT}/Manifest.lock\" > /dev/null\nif [ $? != 0 ] ; then\n    # print error to STDERR\n    echo \"error: The sandbox is not in sync with the Podfile.lock. Run 'pod install' or update your CocoaPods installation.\" >&2\n    exit 1\nfi\n# This output is used by Xcode 'outputs' to avoid re-running this script phase.\necho \"SUCCESS\" > \"${SCRIPT_OUTPUT_FILE_0}\"\n";
			showEnvVarsInLog = 0;
		};
		804F145E211864528D466AAD /* [CP] Embed Pods Frameworks */ = {
			isa = PBXShellScriptBuildPhase;
			buildActionMask = 2147483647;
			files = (
			);
			inputFileListPaths = (
				"${PODS_ROOT}/Target Support Files/Pods-RickMorty-RxMVVM/Pods-RickMorty-RxMVVM-frameworks-${CONFIGURATION}-input-files.xcfilelist",
			);
			name = "[CP] Embed Pods Frameworks";
			outputFileListPaths = (
				"${PODS_ROOT}/Target Support Files/Pods-RickMorty-RxMVVM/Pods-RickMorty-RxMVVM-frameworks-${CONFIGURATION}-output-files.xcfilelist",
			);
			runOnlyForDeploymentPostprocessing = 0;
			shellPath = /bin/sh;
			shellScript = "\"${PODS_ROOT}/Target Support Files/Pods-RickMorty-RxMVVM/Pods-RickMorty-RxMVVM-frameworks.sh\"\n";
			showEnvVarsInLog = 0;
		};
/* End PBXShellScriptBuildPhase section */

/* Begin PBXSourcesBuildPhase section */
		46E237452448CFBA00037951 /* Sources */ = {
			isa = PBXSourcesBuildPhase;
			buildActionMask = 2147483647;
			files = (
				46E2376B2449B7E800037951 /* ApiManager.swift in Sources */,
				46E237662449B52F00037951 /* EpisodesViewController.swift in Sources */,
				46E237692449B7C800037951 /* RemoteRepository.swift in Sources */,
				46E237512448CFBA00037951 /* ViewController.swift in Sources */,
				46E237632449B50700037951 /* EpisodesViewModel.swift in Sources */,
				46E2374D2448CFBA00037951 /* AppDelegate.swift in Sources */,
				46E2374F2448CFBA00037951 /* SceneDelegate.swift in Sources */,
			);
			runOnlyForDeploymentPostprocessing = 0;
		};
/* End PBXSourcesBuildPhase section */

/* Begin PBXVariantGroup section */
		46E237522448CFBA00037951 /* Main.storyboard */ = {
			isa = PBXVariantGroup;
			children = (
				46E237532448CFBA00037951 /* Base */,
			);
			name = Main.storyboard;
			sourceTree = "<group>";
		};
		46E237572448CFBD00037951 /* LaunchScreen.storyboard */ = {
			isa = PBXVariantGroup;
			children = (
				46E237582448CFBD00037951 /* Base */,
			);
			name = LaunchScreen.storyboard;
			sourceTree = "<group>";
		};
/* End PBXVariantGroup section */

/* Begin XCBuildConfiguration section */
		46E2375B2448CFBD00037951 /* Debug */ = {
			isa = XCBuildConfiguration;
			buildSettings = {
				ALWAYS_SEARCH_USER_PATHS = NO;
				CLANG_ANALYZER_NONNULL = YES;
				CLANG_ANALYZER_NUMBER_OBJECT_CONVERSION = YES_AGGRESSIVE;
				CLANG_CXX_LANGUAGE_STANDARD = "gnu++14";
				CLANG_CXX_LIBRARY = "libc++";
				CLANG_ENABLE_MODULES = YES;
				CLANG_ENABLE_OBJC_ARC = YES;
				CLANG_ENABLE_OBJC_WEAK = YES;
				CLANG_WARN_BLOCK_CAPTURE_AUTORELEASING = YES;
				CLANG_WARN_BOOL_CONVERSION = YES;
				CLANG_WARN_COMMA = YES;
				CLANG_WARN_CONSTANT_CONVERSION = YES;
				CLANG_WARN_DEPRECATED_OBJC_IMPLEMENTATIONS = YES;
				CLANG_WARN_DIRECT_OBJC_ISA_USAGE = YES_ERROR;
				CLANG_WARN_DOCUMENTATION_COMMENTS = YES;
				CLANG_WARN_EMPTY_BODY = YES;
				CLANG_WARN_ENUM_CONVERSION = YES;
				CLANG_WARN_INFINITE_RECURSION = YES;
				CLANG_WARN_INT_CONVERSION = YES;
				CLANG_WARN_NON_LITERAL_NULL_CONVERSION = YES;
				CLANG_WARN_OBJC_IMPLICIT_RETAIN_SELF = YES;
				CLANG_WARN_OBJC_LITERAL_CONVERSION = YES;
				CLANG_WARN_OBJC_ROOT_CLASS = YES_ERROR;
				CLANG_WARN_RANGE_LOOP_ANALYSIS = YES;
				CLANG_WARN_STRICT_PROTOTYPES = YES;
				CLANG_WARN_SUSPICIOUS_MOVE = YES;
				CLANG_WARN_UNGUARDED_AVAILABILITY = YES_AGGRESSIVE;
				CLANG_WARN_UNREACHABLE_CODE = YES;
				CLANG_WARN__DUPLICATE_METHOD_MATCH = YES;
				COPY_PHASE_STRIP = NO;
				DEBUG_INFORMATION_FORMAT = dwarf;
				ENABLE_STRICT_OBJC_MSGSEND = YES;
				ENABLE_TESTABILITY = YES;
				GCC_C_LANGUAGE_STANDARD = gnu11;
				GCC_DYNAMIC_NO_PIC = NO;
				GCC_NO_COMMON_BLOCKS = YES;
				GCC_OPTIMIZATION_LEVEL = 0;
				GCC_PREPROCESSOR_DEFINITIONS = (
					"DEBUG=1",
					"$(inherited)",
				);
				GCC_WARN_64_TO_32_BIT_CONVERSION = YES;
				GCC_WARN_ABOUT_RETURN_TYPE = YES_ERROR;
				GCC_WARN_UNDECLARED_SELECTOR = YES;
				GCC_WARN_UNINITIALIZED_AUTOS = YES_AGGRESSIVE;
				GCC_WARN_UNUSED_FUNCTION = YES;
				GCC_WARN_UNUSED_VARIABLE = YES;
				IPHONEOS_DEPLOYMENT_TARGET = 13.2;
				MTL_ENABLE_DEBUG_INFO = INCLUDE_SOURCE;
				MTL_FAST_MATH = YES;
				ONLY_ACTIVE_ARCH = YES;
				SDKROOT = iphoneos;
				SWIFT_ACTIVE_COMPILATION_CONDITIONS = DEBUG;
				SWIFT_OPTIMIZATION_LEVEL = "-Onone";
			};
			name = Debug;
		};
		46E2375C2448CFBD00037951 /* Release */ = {
			isa = XCBuildConfiguration;
			buildSettings = {
				ALWAYS_SEARCH_USER_PATHS = NO;
				CLANG_ANALYZER_NONNULL = YES;
				CLANG_ANALYZER_NUMBER_OBJECT_CONVERSION = YES_AGGRESSIVE;
				CLANG_CXX_LANGUAGE_STANDARD = "gnu++14";
				CLANG_CXX_LIBRARY = "libc++";
				CLANG_ENABLE_MODULES = YES;
				CLANG_ENABLE_OBJC_ARC = YES;
				CLANG_ENABLE_OBJC_WEAK = YES;
				CLANG_WARN_BLOCK_CAPTURE_AUTORELEASING = YES;
				CLANG_WARN_BOOL_CONVERSION = YES;
				CLANG_WARN_COMMA = YES;
				CLANG_WARN_CONSTANT_CONVERSION = YES;
				CLANG_WARN_DEPRECATED_OBJC_IMPLEMENTATIONS = YES;
				CLANG_WARN_DIRECT_OBJC_ISA_USAGE = YES_ERROR;
				CLANG_WARN_DOCUMENTATION_COMMENTS = YES;
				CLANG_WARN_EMPTY_BODY = YES;
				CLANG_WARN_ENUM_CONVERSION = YES;
				CLANG_WARN_INFINITE_RECURSION = YES;
				CLANG_WARN_INT_CONVERSION = YES;
				CLANG_WARN_NON_LITERAL_NULL_CONVERSION = YES;
				CLANG_WARN_OBJC_IMPLICIT_RETAIN_SELF = YES;
				CLANG_WARN_OBJC_LITERAL_CONVERSION = YES;
				CLANG_WARN_OBJC_ROOT_CLASS = YES_ERROR;
				CLANG_WARN_RANGE_LOOP_ANALYSIS = YES;
				CLANG_WARN_STRICT_PROTOTYPES = YES;
				CLANG_WARN_SUSPICIOUS_MOVE = YES;
				CLANG_WARN_UNGUARDED_AVAILABILITY = YES_AGGRESSIVE;
				CLANG_WARN_UNREACHABLE_CODE = YES;
				CLANG_WARN__DUPLICATE_METHOD_MATCH = YES;
				COPY_PHASE_STRIP = NO;
				DEBUG_INFORMATION_FORMAT = "dwarf-with-dsym";
				ENABLE_NS_ASSERTIONS = NO;
				ENABLE_STRICT_OBJC_MSGSEND = YES;
				GCC_C_LANGUAGE_STANDARD = gnu11;
				GCC_NO_COMMON_BLOCKS = YES;
				GCC_WARN_64_TO_32_BIT_CONVERSION = YES;
				GCC_WARN_ABOUT_RETURN_TYPE = YES_ERROR;
				GCC_WARN_UNDECLARED_SELECTOR = YES;
				GCC_WARN_UNINITIALIZED_AUTOS = YES_AGGRESSIVE;
				GCC_WARN_UNUSED_FUNCTION = YES;
				GCC_WARN_UNUSED_VARIABLE = YES;
				IPHONEOS_DEPLOYMENT_TARGET = 13.2;
				MTL_ENABLE_DEBUG_INFO = NO;
				MTL_FAST_MATH = YES;
				SDKROOT = iphoneos;
				SWIFT_COMPILATION_MODE = wholemodule;
				SWIFT_OPTIMIZATION_LEVEL = "-O";
				VALIDATE_PRODUCT = YES;
			};
			name = Release;
		};
		46E2375E2448CFBD00037951 /* Debug */ = {
			isa = XCBuildConfiguration;
			baseConfigurationReference = 28185CAE6965B0974B058479 /* Pods-RickMorty-RxMVVM.debug.xcconfig */;
			buildSettings = {
				ASSETCATALOG_COMPILER_APPICON_NAME = AppIcon;
				CODE_SIGN_STYLE = Automatic;
				INFOPLIST_FILE = "RickMorty-RxMVVM/Info.plist";
				LD_RUNPATH_SEARCH_PATHS = (
					"$(inherited)",
					"@executable_path/Frameworks",
				);
				PRODUCT_BUNDLE_IDENTIFIER = "hasti.ranjkesh.RickMorty-RxMVVM";
				PRODUCT_NAME = "$(TARGET_NAME)";
				SWIFT_VERSION = 5.0;
				TARGETED_DEVICE_FAMILY = "1,2";
			};
			name = Debug;
		};
		46E2375F2448CFBD00037951 /* Release */ = {
			isa = XCBuildConfiguration;
			baseConfigurationReference = D4A365A53F176FBB5DA83213 /* Pods-RickMorty-RxMVVM.release.xcconfig */;
			buildSettings = {
				ASSETCATALOG_COMPILER_APPICON_NAME = AppIcon;
				CODE_SIGN_STYLE = Automatic;
				INFOPLIST_FILE = "RickMorty-RxMVVM/Info.plist";
				LD_RUNPATH_SEARCH_PATHS = (
					"$(inherited)",
					"@executable_path/Frameworks",
				);
				PRODUCT_BUNDLE_IDENTIFIER = "hasti.ranjkesh.RickMorty-RxMVVM";
				PRODUCT_NAME = "$(TARGET_NAME)";
				SWIFT_VERSION = 5.0;
				TARGETED_DEVICE_FAMILY = "1,2";
			};
			name = Release;
		};
/* End XCBuildConfiguration section */

/* Begin XCConfigurationList section */
		46E237442448CFBA00037951 /* Build configuration list for PBXProject "RickMorty-RxMVVM" */ = {
			isa = XCConfigurationList;
			buildConfigurations = (
				46E2375B2448CFBD00037951 /* Debug */,
				46E2375C2448CFBD00037951 /* Release */,
			);
			defaultConfigurationIsVisible = 0;
			defaultConfigurationName = Release;
		};
		46E2375D2448CFBD00037951 /* Build configuration list for PBXNativeTarget "RickMorty-RxMVVM" */ = {
			isa = XCConfigurationList;
			buildConfigurations = (
				46E2375E2448CFBD00037951 /* Debug */,
				46E2375F2448CFBD00037951 /* Release */,
			);
			defaultConfigurationIsVisible = 0;
			defaultConfigurationName = Release;
		};
/* End XCConfigurationList section */
	};
	rootObject = 46E237412448CFBA00037951 /* Project object */;
}
